
Microsoft Visual Studio Solution File, Format Version 12.00
# Visual Studio Version 16
VisualStudioVersion = 16.0.30309.148
MinimumVisualStudioVersion = 10.0.40219.1
Project("{FAE04EC0-301F-11D3-BF4B-00C04F79EFBC}") = "3_4_Lab_Maskevich", "3_4_Lab_Maskevich.csproj", "{5433DAFD-2B2B-47A7-8B62-DE767F2212AD}"
EndProject
Global
	GlobalSection(SolutionConfigurationPlatforms) = preSolution
		Debug|Any CPU = Debug|Any CPU
		Release|Any CPU = Release|Any CPU
	EndGlobalSection
	GlobalSection(ProjectConfigurationPlatforms) = postSolution
		{5433DAFD-2B2B-47A7-8B62-DE767F2212AD}.Debug|Any CPU.ActiveCfg = Debug|Any CPU
		{5433DAFD-2B2B-47A7-8B62-DE767F2212AD}.Debug|Any CPU.Build.0 = Debug|Any CPU
		{5433DAFD-2B2B-47A7-8B62-DE767F2212AD}.Release|Any CPU.ActiveCfg = Release|Any CPU
		{5433DAFD-2B2B-47A7-8B62-DE767F2212AD}.Release|Any CPU.Build.0 = Release|Any CPU
	EndGlobalSection
	GlobalSection(SolutionProperties) = preSolution
		HideSolutionNode = FALSE
	EndGlobalSection
	GlobalSection(ExtensibilityGlobals) = postSolution
		SolutionGuid = {14312D0E-A49B-4264-99DB-0BFFFFE411A1}
	EndGlobalSection
EndGlobal
